
Microsoft Visual Studio Solution File, Format Version 12.00
Project("{FAE04EC0-301F-11D3-BF4B-00C04F79EFBC}") = "CodeRoyale", "CodeRoyale\CodeRoyale.csproj", "{436BEB87-5583-416F-AAB7-F2A5629A99D4}"
EndProject
Project("{FAE04EC0-301F-11D3-BF4B-00C04F79EFBC}") = "CodeRoyaleTests", "CodeRoyaleTests\CodeRoyaleTests.csproj", "{0876FA17-11FB-4458-8E55-7256A0BA236D}"
EndProject
Global
	GlobalSection(SolutionConfigurationPlatforms) = preSolution
		Debug|Any CPU = Debug|Any CPU
		Release|Any CPU = Release|Any CPU
	EndGlobalSection
	GlobalSection(ProjectConfigurationPlatforms) = postSolution
		{436BEB87-5583-416F-AAB7-F2A5629A99D4}.Debug|Any CPU.ActiveCfg = Debug|Any CPU
		{436BEB87-5583-416F-AAB7-F2A5629A99D4}.Debug|Any CPU.Build.0 = Debug|Any CPU
		{436BEB87-5583-416F-AAB7-F2A5629A99D4}.Release|Any CPU.ActiveCfg = Release|Any CPU
		{436BEB87-5583-416F-AAB7-F2A5629A99D4}.Release|Any CPU.Build.0 = Release|Any CPU
		{0876FA17-11FB-4458-8E55-7256A0BA236D}.Debug|Any CPU.ActiveCfg = Debug|Any CPU
		{0876FA17-11FB-4458-8E55-7256A0BA236D}.Debug|Any CPU.Build.0 = Debug|Any CPU
		{0876FA17-11FB-4458-8E55-7256A0BA236D}.Release|Any CPU.ActiveCfg = Release|Any CPU
		{0876FA17-11FB-4458-8E55-7256A0BA236D}.Release|Any CPU.Build.0 = Release|Any CPU
	EndGlobalSection
EndGlobal
